
Microsoft Visual Studio Solution File, Format Version 12.00
# Visual Studio 14
VisualStudioVersion = 14.0.25420.1
MinimumVisualStudioVersion = 10.0.40219.1
Project("{FAE04EC0-301F-11D3-BF4B-00C04F79EFBC}") = "SOLID.SRP", "SOLID.SRP\SOLID.SRP.csproj", "{D2AAC777-DD4B-44D1-9A70-53D24FCA607F}"
EndProject
Project("{FAE04EC0-301F-11D3-BF4B-00C04F79EFBC}") = "SOLID.OCP", "SOLID.OCP\SOLID.OCP.csproj", "{04D6D620-E7F8-4FF7-BF38-6D9967F9A37A}"
EndProject
Project("{2150E333-8FDC-42A3-9474-1A3956D46DE8}") = "1 - S", "1 - S", "{96483B32-4B98-4020-BA27-BAC2F842AB79}"
EndProject
Project("{2150E333-8FDC-42A3-9474-1A3956D46DE8}") = "2 - O", "2 - O", "{9C9559FA-4361-4ED3-B200-14405E44BCB1}"
EndProject
Project("{2150E333-8FDC-42A3-9474-1A3956D46DE8}") = "3 - L", "3 - L", "{FAE85E97-A792-4403-AF2B-E4C87D4F77D6}"
EndProject
Project("{8BB2217D-0F2D-49D1-97BC-3654ED321F3B}") = "SOLID.LSP", "SOLID.LSP\SOLID.LSP.xproj", "{4FD31513-13EF-4B2D-AF7C-242C4A7DB140}"
EndProject
Project("{2150E333-8FDC-42A3-9474-1A3956D46DE8}") = "4 - I", "4 - I", "{F65515CB-5A36-4FF3-99C7-203CA2C304F8}"
EndProject
Project("{8BB2217D-0F2D-49D1-97BC-3654ED321F3B}") = "SOLID.ISP", "SOLID.ISP\SOLID.ISP.xproj", "{A1D25067-CF04-40DE-890A-E74380F24029}"
EndProject
Project("{2150E333-8FDC-42A3-9474-1A3956D46DE8}") = "5 - D", "5 - D", "{B0774119-61BA-4BE7-AEB6-8259D9CA1272}"
EndProject
Project("{8BB2217D-0F2D-49D1-97BC-3654ED321F3B}") = "SOLID.DIP", "SOLID.DIP\SOLID.DIP.xproj", "{16FB1913-DA13-4E04-9A83-F2F6B85AF66F}"
EndProject
Global
	GlobalSection(SolutionConfigurationPlatforms) = preSolution
		Debug|Any CPU = Debug|Any CPU
		Debug|x86 = Debug|x86
		Release|Any CPU = Release|Any CPU
		Release|x86 = Release|x86
	EndGlobalSection
	GlobalSection(ProjectConfigurationPlatforms) = postSolution
		{D2AAC777-DD4B-44D1-9A70-53D24FCA607F}.Debug|Any CPU.ActiveCfg = Debug|x86
		{D2AAC777-DD4B-44D1-9A70-53D24FCA607F}.Debug|x86.ActiveCfg = Debug|x86
		{D2AAC777-DD4B-44D1-9A70-53D24FCA607F}.Debug|x86.Build.0 = Debug|x86
		{D2AAC777-DD4B-44D1-9A70-53D24FCA607F}.Release|Any CPU.ActiveCfg = Release|x86
		{D2AAC777-DD4B-44D1-9A70-53D24FCA607F}.Release|x86.ActiveCfg = Release|x86
		{D2AAC777-DD4B-44D1-9A70-53D24FCA607F}.Release|x86.Build.0 = Release|x86
		{04D6D620-E7F8-4FF7-BF38-6D9967F9A37A}.Debug|Any CPU.ActiveCfg = Debug|x86
		{04D6D620-E7F8-4FF7-BF38-6D9967F9A37A}.Debug|x86.ActiveCfg = Debug|x86
		{04D6D620-E7F8-4FF7-BF38-6D9967F9A37A}.Debug|x86.Build.0 = Debug|x86
		{04D6D620-E7F8-4FF7-BF38-6D9967F9A37A}.Release|Any CPU.ActiveCfg = Release|x86
		{04D6D620-E7F8-4FF7-BF38-6D9967F9A37A}.Release|x86.ActiveCfg = Release|x86
		{04D6D620-E7F8-4FF7-BF38-6D9967F9A37A}.Release|x86.Build.0 = Release|x86
		{4FD31513-13EF-4B2D-AF7C-242C4A7DB140}.Debug|Any CPU.ActiveCfg = Debug|Any CPU
		{4FD31513-13EF-4B2D-AF7C-242C4A7DB140}.Debug|Any CPU.Build.0 = Debug|Any CPU
		{4FD31513-13EF-4B2D-AF7C-242C4A7DB140}.Debug|x86.ActiveCfg = Debug|Any CPU
		{4FD31513-13EF-4B2D-AF7C-242C4A7DB140}.Debug|x86.Build.0 = Debug|Any CPU
		{4FD31513-13EF-4B2D-AF7C-242C4A7DB140}.Release|Any CPU.ActiveCfg = Release|Any CPU
		{4FD31513-13EF-4B2D-AF7C-242C4A7DB140}.Release|Any CPU.Build.0 = Release|Any CPU
		{4FD31513-13EF-4B2D-AF7C-242C4A7DB140}.Release|x86.ActiveCfg = Release|Any CPU
		{4FD31513-13EF-4B2D-AF7C-242C4A7DB140}.Release|x86.Build.0 = Release|Any CPU
		{A1D25067-CF04-40DE-890A-E74380F24029}.Debug|Any CPU.ActiveCfg = Debug|Any CPU
		{A1D25067-CF04-40DE-890A-E74380F24029}.Debug|Any CPU.Build.0 = Debug|Any CPU
		{A1D25067-CF04-40DE-890A-E74380F24029}.Debug|x86.ActiveCfg = Debug|Any CPU
		{A1D25067-CF04-40DE-890A-E74380F24029}.Debug|x86.Build.0 = Debug|Any CPU
		{A1D25067-CF04-40DE-890A-E74380F24029}.Release|Any CPU.ActiveCfg = Release|Any CPU
		{A1D25067-CF04-40DE-890A-E74380F24029}.Release|Any CPU.Build.0 = Release|Any CPU
		{A1D25067-CF04-40DE-890A-E74380F24029}.Release|x86.ActiveCfg = Release|Any CPU
		{A1D25067-CF04-40DE-890A-E74380F24029}.Release|x86.Build.0 = Release|Any CPU
		{16FB1913-DA13-4E04-9A83-F2F6B85AF66F}.Debug|Any CPU.ActiveCfg = Debug|Any CPU
		{16FB1913-DA13-4E04-9A83-F2F6B85AF66F}.Debug|Any CPU.Build.0 = Debug|Any CPU
		{16FB1913-DA13-4E04-9A83-F2F6B85AF66F}.Debug|x86.ActiveCfg = Debug|Any CPU
		{16FB1913-DA13-4E04-9A83-F2F6B85AF66F}.Debug|x86.Build.0 = Debug|Any CPU
		{16FB1913-DA13-4E04-9A83-F2F6B85AF66F}.Release|Any CPU.ActiveCfg = Release|Any CPU
		{16FB1913-DA13-4E04-9A83-F2F6B85AF66F}.Release|Any CPU.Build.0 = Release|Any CPU
		{16FB1913-DA13-4E04-9A83-F2F6B85AF66F}.Release|x86.ActiveCfg = Release|Any CPU
		{16FB1913-DA13-4E04-9A83-F2F6B85AF66F}.Release|x86.Build.0 = Release|Any CPU
	EndGlobalSection
	GlobalSection(SolutionProperties) = preSolution
		HideSolutionNode = FALSE
	EndGlobalSection
	GlobalSection(NestedProjects) = preSolution
		{D2AAC777-DD4B-44D1-9A70-53D24FCA607F} = {96483B32-4B98-4020-BA27-BAC2F842AB79}
		{04D6D620-E7F8-4FF7-BF38-6D9967F9A37A} = {9C9559FA-4361-4ED3-B200-14405E44BCB1}
		{4FD31513-13EF-4B2D-AF7C-242C4A7DB140} = {FAE85E97-A792-4403-AF2B-E4C87D4F77D6}
		{A1D25067-CF04-40DE-890A-E74380F24029} = {F65515CB-5A36-4FF3-99C7-203CA2C304F8}
		{16FB1913-DA13-4E04-9A83-F2F6B85AF66F} = {B0774119-61BA-4BE7-AEB6-8259D9CA1272}
	EndGlobalSection
EndGlobal
